{
    "_readme": [
        "This file locks the dependencies of your project to a known state",
        "Read more about it at https://getcomposer.org/doc/01-basic-usage.md#composer-lock-the-lock-file",
        "This file is @generated automatically"
    ],
    "content-hash": "5299140a958da4b5412bf54ebcddf0b8",
    "packages": [
        {
            "name": "adldap2/adldap2",
            "version": "v7.0.15",
            "source": {
                "type": "git",
                "url": "https://github.com/Adldap2/Adldap2.git",
                "reference": "d40f983d58dbecd516856786474893c5fb4b7297"
            },
            "dist": {
                "type": "zip",
                "url": "https://api.github.com/repos/Adldap2/Adldap2/zipball/d40f983d58dbecd516856786474893c5fb4b7297",
                "reference": "d40f983d58dbecd516856786474893c5fb4b7297",
                "shasum": ""
            },
            "require": {
                "ext-ldap": "*",
                "illuminate/support": "~5.0",
                "php": ">=5.5.9"
            },
            "require-dev": {
                "mockery/mockery": "~0.9",
                "phpunit/phpunit": "~4.8|~5.6"
            },
            "type": "library",
            "autoload": {
                "psr-4": {
                    "Adldap\\": "src/"
                }
            },
            "notification-url": "https://packagist.org/downloads/",
            "license": [
                "MIT"
            ],
            "authors": [
                {
                    "name": "Steve Bauman",
                    "email": "steven_bauman@outlook.com",
                    "role": "Developer"
                }
            ],
            "description": "A PHP LDAP Package for Active Directory Manipulation.",
            "keywords": [
                "active directory",
                "ad",
                "adLDAP",
                "adldap2",
                "directory",
                "ldap",
                "windows"
            ],
            "time": "2017-05-16T13:46:45+00:00"
        },
        {
            "name": "adldap2/adldap2-laravel",
            "version": "v3.0.4",
            "source": {
                "type": "git",
                "url": "https://github.com/Adldap2/Adldap2-Laravel.git",
                "reference": "01821b19b807b02a958c8bc77a96f22d735d4213"
            },
            "dist": {
                "type": "zip",
                "url": "https://api.github.com/repos/Adldap2/Adldap2-Laravel/zipball/01821b19b807b02a958c8bc77a96f22d735d4213",
                "reference": "01821b19b807b02a958c8bc77a96f22d735d4213",
                "shasum": ""
            },
            "require": {
                "adldap2/adldap2": "7.0.*",
                "php": ">=5.6"
            },
            "require-dev": {
                "mockery/mockery": "0.9.*",
                "orchestra/testbench": "~3.2",
                "phpunit/phpunit": "~5.6"
            },
            "type": "project",
            "autoload": {
                "psr-4": {
                    "Adldap\\Laravel\\": "src/"
                }
            },
            "notification-url": "https://packagist.org/downloads/",
            "license": [
                "MIT"
            ],
            "description": "LDAP Authentication & Management for Laravel.",
            "keywords": [
                "adLDAP",
                "adldap2",
                "laravel",
                "ldap"
            ],
            "time": "2017-03-14T20:54:56+00:00"
        },
        {
            "name": "doctrine/inflector",
            "version": "dev-master",
            "source": {
                "type": "git",
                "url": "https://github.com/doctrine/inflector.git",
                "reference": "803a2ed9fea02f9ca47cd45395089fe78769a392"
            },
            "dist": {
                "type": "zip",
                "url": "https://api.github.com/repos/doctrine/inflector/zipball/803a2ed9fea02f9ca47cd45395089fe78769a392",
                "reference": "803a2ed9fea02f9ca47cd45395089fe78769a392",
                "shasum": ""
            },
            "require": {
                "php": ">=5.3.2"
            },
            "require-dev": {
                "phpunit/phpunit": "4.*"
            },
            "type": "library",
            "extra": {
                "branch-alias": {
                    "dev-master": "1.1.x-dev"
                }
            },
            "autoload": {
                "psr-0": {
                    "Doctrine\\Common\\Inflector\\": "lib/"
                }
            },
            "notification-url": "https://packagist.org/downloads/",
            "license": [
                "MIT"
            ],
            "authors": [
                {
                    "name": "Roman Borschel",
                    "email": "roman@code-factory.org"
                },
                {
                    "name": "Benjamin Eberlei",
                    "email": "kontakt@beberlei.de"
                },
                {
                    "name": "Guilherme Blanco",
                    "email": "guilhermeblanco@gmail.com"
                },
                {
                    "name": "Jonathan Wage",
                    "email": "jonwage@gmail.com"
                },
                {
                    "name": "Johannes Schmitt",
                    "email": "schmittjoh@gmail.com"
                }
            ],
            "description": "Common String Manipulations with regard to casing and singular/plural rules.",
            "homepage": "http://www.doctrine-project.org",
            "keywords": [
                "inflection",
                "pluralize",
                "singularize",
                "string"
            ],
            "time": "2016-05-12 17:23:41"
        },
        {
            "name": "illuminate/contracts",
            "version": "dev-master",
            "source": {
                "type": "git",
                "url": "https://github.com/illuminate/contracts.git",
                "reference": "336bdcdfaa6b109af376d736bc4557d9af11e7c2"
            },
            "dist": {
                "type": "zip",
                "url": "https://api.github.com/repos/illuminate/contracts/zipball/336bdcdfaa6b109af376d736bc4557d9af11e7c2",
                "reference": "336bdcdfaa6b109af376d736bc4557d9af11e7c2",
                "shasum": ""
            },
            "require": {
                "php": ">=7.0"
            },
            "type": "library",
            "extra": {
                "branch-alias": {
                    "dev-master": "5.5-dev"
                }
            },
            "autoload": {
                "psr-4": {
                    "Illuminate\\Contracts\\": ""
                }
            },
            "notification-url": "https://packagist.org/downloads/",
            "license": [
                "MIT"
            ],
            "authors": [
                {
                    "name": "Taylor Otwell",
                    "email": "taylor@laravel.com"
                }
            ],
            "description": "The Illuminate Contracts package.",
            "homepage": "https://laravel.com",
            "time": "2017-05-14 21:28:09"
        },
        {
            "name": "illuminate/support",
            "version": "dev-master",
            "source": {
                "type": "git",
                "url": "https://github.com/illuminate/support.git",
                "reference": "1982b9f15d8822e23fa207097210056052169785"
            },
            "dist": {
                "type": "zip",
                "url": "https://api.github.com/repos/illuminate/support/zipball/1982b9f15d8822e23fa207097210056052169785",
                "reference": "1982b9f15d8822e23fa207097210056052169785",
                "shasum": ""
            },
            "require": {
                "doctrine/inflector": "~1.0",
                "ext-mbstring": "*",
                "illuminate/contracts": "5.5.*",
                "php": ">=7.0"
            },
            "replace": {
                "tightenco/collect": "self.version"
            },
            "suggest": {
                "illuminate/filesystem": "Required to use the composer class (5.2.*).",
                "symfony/process": "Required to use the composer class (~3.2).",
                "symfony/var-dumper": "Required to use the dd function (~3.2)."
            },
            "type": "library",
            "extra": {
                "branch-alias": {
                    "dev-master": "5.5-dev"
                }
            },
            "autoload": {
                "psr-4": {
                    "Illuminate\\Support\\": ""
                },
                "files": [
                    "helpers.php"
                ]
            },
            "notification-url": "https://packagist.org/downloads/",
            "license": [
                "MIT"
            ],
            "authors": [
                {
                    "name": "Taylor Otwell",
                    "email": "taylor@laravel.com"
                }
            ],
            "description": "The Illuminate Support package.",
            "homepage": "https://laravel.com",
            "time": "2017-05-19 20:42:01"
        }
    ],
    "packages-dev": [],
    "aliases": [],
    "minimum-stability": "dev",
    "stability-flags": [],
    "prefer-stable": false,
    "prefer-lowest": false,
    "platform": [],
    "platform-dev": []
}
